
Microsoft Visual Studio Solution File, Format Version 12.00
# Visual Studio Version 17
VisualStudioVersion = 17.14.36121.58 d17.14
MinimumVisualStudioVersion = 10.0.40219.1
Project("{FAE04EC0-301F-11D3-BF4B-00C04F79EFBC}") = "CarApp1", "CarApp1\CarApp1.csproj", "{7185AE5A-A80B-40D4-8377-9F656C0D390D}"
EndProject
Project("{FAE04EC0-301F-11D3-BF4B-00C04F79EFBC}") = "CarApp2", "CarApp2\CarApp2.csproj", "{923028CB-93F1-4146-AB91-BACAC96888A9}"
EndProject
Global
	GlobalSection(SolutionConfigurationPlatforms) = preSolution
		Debug|Any CPU = Debug|Any CPU
		Release|Any CPU = Release|Any CPU
	EndGlobalSection
	GlobalSection(ProjectConfigurationPlatforms) = postSolution
		{7185AE5A-A80B-40D4-8377-9F656C0D390D}.Debug|Any CPU.ActiveCfg = Debug|Any CPU
		{7185AE5A-A80B-40D4-8377-9F656C0D390D}.Debug|Any CPU.Build.0 = Debug|Any CPU
		{7185AE5A-A80B-40D4-8377-9F656C0D390D}.Release|Any CPU.ActiveCfg = Release|Any CPU
		{7185AE5A-A80B-40D4-8377-9F656C0D390D}.Release|Any CPU.Build.0 = Release|Any CPU
		{923028CB-93F1-4146-AB91-BACAC96888A9}.Debug|Any CPU.ActiveCfg = Debug|Any CPU
		{923028CB-93F1-4146-AB91-BACAC96888A9}.Debug|Any CPU.Build.0 = Debug|Any CPU
		{923028CB-93F1-4146-AB91-BACAC96888A9}.Release|Any CPU.ActiveCfg = Release|Any CPU
		{923028CB-93F1-4146-AB91-BACAC96888A9}.Release|Any CPU.Build.0 = Release|Any CPU
	EndGlobalSection
	GlobalSection(SolutionProperties) = preSolution
		HideSolutionNode = FALSE
	EndGlobalSection
	GlobalSection(ExtensibilityGlobals) = postSolution
		SolutionGuid = {BB5EE23D-A387-4186-931A-A326FEE211F7}
	EndGlobalSection
EndGlobal
